// !$*UTF8*$!
{
	archiveVersion = 1;
	classes = {
	};
	objectVersion = 46;
	objects = {

/* Begin PBXBuildFile section */
		D464A0F01E6B797500298527 /* AppDelegate.swift in Sources */ = {isa = PBXBuildFile; fileRef = D464A0EF1E6B797500298527 /* AppDelegate.swift */; };
		D464A0F21E6B797500298527 /* ViewController.swift in Sources */ = {isa = PBXBuildFile; fileRef = D464A0F11E6B797500298527 /* ViewController.swift */; };
		D464A0F51E6B797500298527 /* Main.storyboard in Resources */ = {isa = PBXBuildFile; fileRef = D464A0F31E6B797500298527 /* Main.storyboard */; };
		D464A0F71E6B797500298527 /* Assets.xcassets in Resources */ = {isa = PBXBuildFile; fileRef = D464A0F61E6B797500298527 /* Assets.xcassets */; };
		D464A0FA1E6B797500298527 /* LaunchScreen.storyboard in Resources */ = {isa = PBXBuildFile; fileRef = D464A0F81E6B797500298527 /* LaunchScreen.storyboard */; };
/* End PBXBuildFile section */

/* Begin PBXFileReference section */
		D464A0EC1E6B797500298527 /* LushiniPizza.app */ = {isa = PBXFileReference; explicitFileType = wrapper.application; includeInIndex = 0; path = LushiniPizza.app; sourceTree = BUILT_PRODUCTS_DIR; };
		D464A0EF1E6B797500298527 /* AppDelegate.swift */ = {isa = PBXFileReference; lastKnownFileType = sourcecode.swift; path = AppDelegate.swift; sourceTree = "<group>"; };
		D464A0F11E6B797500298527 /* ViewController.swift */ = {isa = PBXFileReference; lastKnownFileType = sourcecode.swift; path = ViewController.swift; sourceTree = "<group>"; };
		D464A0F41E6B797500298527 /* Base */ = {isa = PBXFileReference; lastKnownFileType = file.storyboard; name = Base; path = Base.lproj/Main.storyboard; sourceTree = "<group>"; };
		D464A0F61E6B797500298527 /* Assets.xcassets */ = {isa = PBXFileReference; lastKnownFileType = folder.assetcatalog; path = Assets.xcassets; sourceTree = "<group>"; };
		D464A0F91E6B797500298527 /* Base */ = {isa = PBXFileReference; lastKnownFileType = file.storyboard; name = Base; path = Base.lproj/LaunchScreen.storyboard; sourceTree = "<group>"; };
		D464A0FB1E6B797500298527 /* Info.plist */ = {isa = PBXFileReference; lastKnownFileType = text.plist.xml; path = Info.plist; sourceTree = "<group>"; };
/* End PBXFileReference section */

/* Begin PBXFrameworksBuildPhase section */
		D464A0E91E6B797500298527 /* Frameworks */ = {
			isa = PBXFrameworksBuildPhase;
			buildActionMask = 2147483647;
			files = (
			);
			runOnlyForDeploymentPostprocessing = 0;
		};
/* End PBXFrameworksBuildPhase section */

/* Begin PBXGroup section */
		D464A0E31E6B797500298527 = {
			isa = PBXGroup;
			children = (
				D464A0EE1E6B797500298527 /* LushiniPizza */,
				D464A0ED1E6B797500298527 /* Products */,
			);
			sourceTree = "<group>";
		};
		D464A0ED1E6B797500298527 /* Products */ = {
			isa = PBXGroup;
			children = (
				D464A0EC1E6B797500298527 /* LushiniPizza.app */,
			);
			name = Products;
			sourceTree = "<group>";
		};
		D464A0EE1E6B797500298527 /* LushiniPizza */ = {
			isa = PBXGroup;
			children = (
				D464A0EF1E6B797500298527 /* AppDelegate.swift */,
				D464A0F11E6B797500298527 /* ViewController.swift */,
				D464A0F31E6B797500298527 /* Main.storyboard */,
				D464A0F61E6B797500298527 /* Assets.xcassets */,
				D464A0F81E6B797500298527 /* LaunchScreen.storyboard */,
				D464A0FB1E6B797500298527 /* Info.plist */,
			);
			path = LushiniPizza;
			sourceTree = "<group>";
		};
/* End PBXGroup section */

/* Begin PBXNativeTarget section */
		D464A0EB1E6B797500298527 /* LushiniPizza */ = {
			isa = PBXNativeTarget;
			buildConfigurationList = D464A0FE1E6B797500298527 /* Build configuration list for PBXNativeTarget "LushiniPizza" */;
			buildPhases = (
				D464A0E81E6B797500298527 /* Sources */,
				D464A0E91E6B797500298527 /* Frameworks */,
				D464A0EA1E6B797500298527 /* Resources */,
			);
			buildRules = (
			);
			dependencies = (
			);
			name = LushiniPizza;
			productName = LushiniPizza;
			productReference = D464A0EC1E6B797500298527 /* LushiniPizza.app */;
			productType = "com.apple.product-type.application";
		};
/* End PBXNativeTarget section */

/* Begin PBXProject section */
		D464A0E41E6B797500298527 /* Project object */ = {
			isa = PBXProject;
			attributes = {
				LastSwiftUpdateCheck = 0820;
				LastUpgradeCheck = 0820;
				ORGANIZATIONNAME = "Luis Venegas";
				TargetAttributes = {
					D464A0EB1E6B797500298527 = {
						CreatedOnToolsVersion = 8.2.1;
						ProvisioningStyle = Automatic;
					};
				};
			};
			buildConfigurationList = D464A0E71E6B797500298527 /* Build configuration list for PBXProject "LushiniPizza" */;
			compatibilityVersion = "Xcode 3.2";
			developmentRegion = English;
			hasScannedForEncodings = 0;
			knownRegions = (
				en,
				Base,
			);
			mainGroup = D464A0E31E6B797500298527;
			productRefGroup = D464A0ED1E6B797500298527 /* Products */;
			projectDirPath = "";
			projectRoot = "";
			targets = (
				D464A0EB1E6B797500298527 /* LushiniPizza */,
			);
		};
/* End PBXProject section */

/* Begin PBXResourcesBuildPhase section */
		D464A0EA1E6B797500298527 /* Resources */ = {
			isa = PBXResourcesBuildPhase;
			buildActionMask = 2147483647;
			files = (
				D464A0FA1E6B797500298527 /* LaunchScreen.storyboard in Resources */,
				D464A0F71E6B797500298527 /* Assets.xcassets in Resources */,
				D464A0F51E6B797500298527 /* Main.storyboard in Resources */,
			);
			runOnlyForDeploymentPostprocessing = 0;
		};
/* End PBXResourcesBuildPhase section */

/* Begin PBXSourcesBuildPhase section */
		D464A0E81E6B797500298527 /* Sources */ = {
			isa = PBXSourcesBuildPhase;
			buildActionMask = 2147483647;
			files = (
				D464A0F21E6B797500298527 /* ViewController.swift in Sources */,
				D464A0F01E6B797500298527 /* AppDelegate.swift in Sources */,
			);
			runOnlyForDeploymentPostprocessing = 0;
		};
/* End PBXSourcesBuildPhase section */

/* Begin PBXVariantGroup section */
		D464A0F31E6B797500298527 /* Main.storyboard */ = {
			isa = PBXVariantGroup;
			children = (
				D464A0F41E6B797500298527 /* Base */,
			);
			name = Main.storyboard;
			sourceTree = "<group>";
		};
		D464A0F81E6B797500298527 /* LaunchScreen.storyboard */ = {
			isa = PBXVariantGroup;
			children = (
				D464A0F91E6B797500298527 /* Base */,
			);
			name = LaunchScreen.storyboard;
			sourceTree = "<group>";
		};
/* End PBXVariantGroup section */

/* Begin XCBuildConfiguration section */
		D464A0FC1E6B797500298527 /* Debug */ = {
			isa = XCBuildConfiguration;
			buildSettings = {
				ALWAYS_SEARCH_USER_PATHS = NO;
				CLANG_ANALYZER_NONNULL = YES;
				CLANG_CXX_LANGUAGE_STANDARD = "gnu++0x";
				CLANG_CXX_LIBRARY = "libc++";
				CLANG_ENABLE_MODULES = YES;
				CLANG_ENABLE_OBJC_ARC = YES;
				CLANG_WARN_BOOL_CONVERSION = YES;
				CLANG_WARN_CONSTANT_CONVERSION = YES;
				CLANG_WARN_DIRECT_OBJC_ISA_USAGE = YES_ERROR;
				CLANG_WARN_DOCUMENTATION_COMMENTS = YES;
				CLANG_WARN_EMPTY_BODY = YES;
				CLANG_WARN_ENUM_CONVERSION = YES;
				CLANG_WARN_INFINITE_RECURSION = YES;
				CLANG_WARN_INT_CONVERSION = YES;
				CLANG_WARN_OBJC_ROOT_CLASS = YES_ERROR;
				CLANG_WARN_SUSPICIOUS_MOVE = YES;
				CLANG_WARN_UNREACHABLE_CODE = YES;
				CLANG_WARN__DUPLICATE_METHOD_MATCH = YES;
				"CODE_SIGN_IDENTITY[sdk=iphoneos*]" = "iPhone Developer";
				COPY_PHASE_STRIP = NO;
				DEBUG_INFORMATION_FORMAT = dwarf;
				ENABLE_STRICT_OBJC_MSGSEND = YES;
				ENABLE_TESTABILITY = YES;
				GCC_C_LANGUAGE_STANDARD = gnu99;
				GCC_DYNAMIC_NO_PIC = NO;
				GCC_NO_COMMON_BLOCKS = YES;
				GCC_OPTIMIZATION_LEVEL = 0;
				GCC_PREPROCESSOR_DEFINITIONS = (
					"DEBUG=1",
					"$(inherited)",
				);
				GCC_WARN_64_TO_32_BIT_CONVERSION = YES;
				GCC_WARN_ABOUT_RETURN_TYPE = YES_ERROR;
				GCC_WARN_UNDECLARED_SELECTOR = YES;
				GCC_WARN_UNINITIALIZED_AUTOS = YES_AGGRESSIVE;
				GCC_WARN_UNUSED_FUNCTION = YES;
				GCC_WARN_UNUSED_VARIABLE = YES;
				IPHONEOS_DEPLOYMENT_TARGET = 10.2;
				MTL_ENABLE_DEBUG_INFO = YES;
				ONLY_ACTIVE_ARCH = YES;
				SDKROOT = iphoneos;
				SWIFT_ACTIVE_COMPILATION_CONDITIONS = DEBUG;
				SWIFT_OPTIMIZATION_LEVEL = "-Onone";
				TARGETED_DEVICE_FAMILY = "1,2";
			};
			name = Debug;
		};
		D464A0FD1E6B797500298527 /* Release */ = {
			isa = XCBuildConfiguration;
			buildSettings = {
				ALWAYS_SEARCH_USER_PATHS = NO;
				CLANG_ANALYZER_NONNULL = YES;
				CLANG_CXX_LANGUAGE_STANDARD = "gnu++0x";
				CLANG_CXX_LIBRARY = "libc++";
				CLANG_ENABLE_MODULES = YES;
				CLANG_ENABLE_OBJC_ARC = YES;
				CLANG_WARN_BOOL_CONVERSION = YES;
				CLANG_WARN_CONSTANT_CONVERSION = YES;
				CLANG_WARN_DIRECT_OBJC_ISA_USAGE = YES_ERROR;
				CLANG_WARN_DOCUMENTATION_COMMENTS = YES;
				CLANG_WARN_EMPTY_BODY = YES;
				CLANG_WARN_ENUM_CONVERSION = YES;
				CLANG_WARN_INFINITE_RECURSION = YES;
				CLANG_WARN_INT_CONVERSION = YES;
				CLANG_WARN_OBJC_ROOT_CLASS = YES_ERROR;
				CLANG_WARN_SUSPICIOUS_MOVE = YES;
				CLANG_WARN_UNREACHABLE_CODE = YES;
				CLANG_WARN__DUPLICATE_METHOD_MATCH = YES;
				"CODE_SIGN_IDENTITY[sdk=iphoneos*]" = "iPhone Developer";
				COPY_PHASE_STRIP = NO;
				DEBUG_INFORMATION_FORMAT = "dwarf-with-dsym";
				ENABLE_NS_ASSERTIONS = NO;
				ENABLE_STRICT_OBJC_MSGSEND = YES;
				GCC_C_LANGUAGE_STANDARD = gnu99;
				GCC_NO_COMMON_BLOCKS = YES;
				GCC_WARN_64_TO_32_BIT_CONVERSION = YES;
				GCC_WARN_ABOUT_RETURN_TYPE = YES_ERROR;
				GCC_WARN_UNDECLARED_SELECTOR = YES;
				GCC_WARN_UNINITIALIZED_AUTOS = YES_AGGRESSIVE;
				GCC_WARN_UNUSED_FUNCTION = YES;
				GCC_WARN_UNUSED_VARIABLE = YES;
				IPHONEOS_DEPLOYMENT_TARGET = 10.2;
				MTL_ENABLE_DEBUG_INFO = NO;
				SDKROOT = iphoneos;
				SWIFT_OPTIMIZATION_LEVEL = "-Owholemodule";
				TARGETED_DEVICE_FAMILY = "1,2";
				VALIDATE_PRODUCT = YES;
			};
			name = Release;
		};
		D464A0FF1E6B797500298527 /* Debug */ = {
			isa = XCBuildConfiguration;
			buildSettings = {
				ASSETCATALOG_COMPILER_APPICON_NAME = AppIcon;
				INFOPLIST_FILE = LushiniPizza/Info.plist;
				LD_RUNPATH_SEARCH_PATHS = "$(inherited) @executable_path/Frameworks";
				PRODUCT_BUNDLE_IDENTIFIER = LAV.LushiniPizza;
				PRODUCT_NAME = "$(TARGET_NAME)";
				SWIFT_VERSION = 3.0;
			};
			name = Debug;
		};
		D464A1001E6B797500298527 /* Release */ = {
			isa = XCBuildConfiguration;
			buildSettings = {
				ASSETCATALOG_COMPILER_APPICON_NAME = AppIcon;
				INFOPLIST_FILE = LushiniPizza/Info.plist;
				LD_RUNPATH_SEARCH_PATHS = "$(inherited) @executable_path/Frameworks";
				PRODUCT_BUNDLE_IDENTIFIER = LAV.LushiniPizza;
				PRODUCT_NAME = "$(TARGET_NAME)";
				SWIFT_VERSION = 3.0;
			};
			name = Release;
		};
/* End XCBuildConfiguration section */

/* Begin XCConfigurationList section */
		D464A0E71E6B797500298527 /* Build configuration list for PBXProject "LushiniPizza" */ = {
			isa = XCConfigurationList;
			buildConfigurations = (
				D464A0FC1E6B797500298527 /* Debug */,
				D464A0FD1E6B797500298527 /* Release */,
			);
			defaultConfigurationIsVisible = 0;
			defaultConfigurationName = Release;
		};
		D464A0FE1E6B797500298527 /* Build configuration list for PBXNativeTarget "LushiniPizza" */ = {
			isa = XCConfigurationList;
			buildConfigurations = (
				D464A0FF1E6B797500298527 /* Debug */,
				D464A1001E6B797500298527 /* Release */,
			);
			defaultConfigurationIsVisible = 0;
		};
/* End XCConfigurationList section */
	};
	rootObject = D464A0E41E6B797500298527 /* Project object */;
}
